// !$*UTF8*$!
{
	archiveVersion = 1;
	classes = {
	};
	objectVersion = 46;
	objects = {

/* Begin PBXBuildFile section */
		417BBF451891FB39005192BC /* Foundation.framework in Frameworks */ = {isa = PBXBuildFile; fileRef = 417BBF441891FB39005192BC /* Foundation.framework */; };
		417BBF471891FB39005192BC /* CoreGraphics.framework in Frameworks */ = {isa = PBXBuildFile; fileRef = 417BBF461891FB39005192BC /* CoreGraphics.framework */; };
		417BBF491891FB39005192BC /* UIKit.framework in Frameworks */ = {isa = PBXBuildFile; fileRef = 417BBF481891FB39005192BC /* UIKit.framework */; };
		417BBF4F1891FB39005192BC /* InfoPlist.strings in Resources */ = {isa = PBXBuildFile; fileRef = 417BBF4D1891FB39005192BC /* InfoPlist.strings */; };
		417BBF511891FB39005192BC /* main.m in Sources */ = {isa = PBXBuildFile; fileRef = 417BBF501891FB39005192BC /* main.m */; };
		417BBF551891FB39005192BC /* AppDelegate.m in Sources */ = {isa = PBXBuildFile; fileRef = 417BBF541891FB39005192BC /* AppDelegate.m */; };
		417BBF581891FB39005192BC /* Main.storyboard in Resources */ = {isa = PBXBuildFile; fileRef = 417BBF561891FB39005192BC /* Main.storyboard */; };
		417BBF5B1891FB39005192BC /* ViewController.m in Sources */ = {isa = PBXBuildFile; fileRef = 417BBF5A1891FB39005192BC /* ViewController.m */; };
		417BBF5D1891FB39005192BC /* Images.xcassets in Resources */ = {isa = PBXBuildFile; fileRef = 417BBF5C1891FB39005192BC /* Images.xcassets */; };
		417BBF641891FB39005192BC /* XCTest.framework in Frameworks */ = {isa = PBXBuildFile; fileRef = 417BBF631891FB39005192BC /* XCTest.framework */; };
		417BBF651891FB39005192BC /* Foundation.framework in Frameworks */ = {isa = PBXBuildFile; fileRef = 417BBF441891FB39005192BC /* Foundation.framework */; };
		417BBF661891FB39005192BC /* UIKit.framework in Frameworks */ = {isa = PBXBuildFile; fileRef = 417BBF481891FB39005192BC /* UIKit.framework */; };
		417BBF6E1891FB39005192BC /* InfoPlist.strings in Resources */ = {isa = PBXBuildFile; fileRef = 417BBF6C1891FB39005192BC /* InfoPlist.strings */; };
		417BBF701891FB39005192BC /* PhiloCodeTests.m in Sources */ = {isa = PBXBuildFile; fileRef = 417BBF6F1891FB39005192BC /* PhiloCodeTests.m */; };
		417BBF7A1891FE04005192BC /* Turkish_Van_Cat.jpg in Resources */ = {isa = PBXBuildFile; fileRef = 417BBF791891FE04005192BC /* Turkish_Van_Cat.jpg */; };
/* End PBXBuildFile section */

/* Begin PBXContainerItemProxy section */
		417BBF671891FB39005192BC /* PBXContainerItemProxy */ = {
			isa = PBXContainerItemProxy;
			containerPortal = 417BBF391891FB38005192BC /* Project object */;
			proxyType = 1;
			remoteGlobalIDString = 417BBF401891FB39005192BC;
			remoteInfo = PhiloCode;
		};
/* End PBXContainerItemProxy section */

/* Begin PBXFileReference section */
		417BBF411891FB39005192BC /* PhiloCode.app */ = {isa = PBXFileReference; explicitFileType = wrapper.application; includeInIndex = 0; path = PhiloCode.app; sourceTree = BUILT_PRODUCTS_DIR; };
		417BBF441891FB39005192BC /* Foundation.framework */ = {isa = PBXFileReference; lastKnownFileType = wrapper.framework; name = Foundation.framework; path = System/Library/Frameworks/Foundation.framework; sourceTree = SDKROOT; };
		417BBF461891FB39005192BC /* CoreGraphics.framework */ = {isa = PBXFileReference; lastKnownFileType = wrapper.framework; name = CoreGraphics.framework; path = System/Library/Frameworks/CoreGraphics.framework; sourceTree = SDKROOT; };
		417BBF481891FB39005192BC /* UIKit.framework */ = {isa = PBXFileReference; lastKnownFileType = wrapper.framework; name = UIKit.framework; path = System/Library/Frameworks/UIKit.framework; sourceTree = SDKROOT; };
		417BBF4C1891FB39005192BC /* PhiloCode-Info.plist */ = {isa = PBXFileReference; lastKnownFileType = text.plist.xml; path = "PhiloCode-Info.plist"; sourceTree = "<group>"; };
		417BBF4E1891FB39005192BC /* en */ = {isa = PBXFileReference; lastKnownFileType = text.plist.strings; name = en; path = en.lproj/InfoPlist.strings; sourceTree = "<group>"; };
		417BBF501891FB39005192BC /* main.m */ = {isa = PBXFileReference; lastKnownFileType = sourcecode.c.objc; path = main.m; sourceTree = "<group>"; };
		417BBF521891FB39005192BC /* PhiloCode-Prefix.pch */ = {isa = PBXFileReference; lastKnownFileType = sourcecode.c.h; path = "PhiloCode-Prefix.pch"; sourceTree = "<group>"; };
		417BBF531891FB39005192BC /* AppDelegate.h */ = {isa = PBXFileReference; lastKnownFileType = sourcecode.c.h; path = AppDelegate.h; sourceTree = "<group>"; };
		417BBF541891FB39005192BC /* AppDelegate.m */ = {isa = PBXFileReference; lastKnownFileType = sourcecode.c.objc; path = AppDelegate.m; sourceTree = "<group>"; };
		417BBF571891FB39005192BC /* Base */ = {isa = PBXFileReference; lastKnownFileType = file.storyboard; name = Base; path = Base.lproj/Main.storyboard; sourceTree = "<group>"; };
		417BBF591891FB39005192BC /* ViewController.h */ = {isa = PBXFileReference; lastKnownFileType = sourcecode.c.h; path = ViewController.h; sourceTree = "<group>"; };
		417BBF5A1891FB39005192BC /* ViewController.m */ = {isa = PBXFileReference; lastKnownFileType = sourcecode.c.objc; path = ViewController.m; sourceTree = "<group>"; };
		417BBF5C1891FB39005192BC /* Images.xcassets */ = {isa = PBXFileReference; lastKnownFileType = folder.assetcatalog; path = Images.xcassets; sourceTree = "<group>"; };
		417BBF621891FB39005192BC /* PhiloCodeTests.xctest */ = {isa = PBXFileReference; explicitFileType = wrapper.cfbundle; includeInIndex = 0; path = PhiloCodeTests.xctest; sourceTree = BUILT_PRODUCTS_DIR; };
		417BBF631891FB39005192BC /* XCTest.framework */ = {isa = PBXFileReference; lastKnownFileType = wrapper.framework; name = XCTest.framework; path = Library/Frameworks/XCTest.framework; sourceTree = DEVELOPER_DIR; };
		417BBF6B1891FB39005192BC /* PhiloCodeTests-Info.plist */ = {isa = PBXFileReference; lastKnownFileType = text.plist.xml; path = "PhiloCodeTests-Info.plist"; sourceTree = "<group>"; };
		417BBF6D1891FB39005192BC /* en */ = {isa = PBXFileReference; lastKnownFileType = text.plist.strings; name = en; path = en.lproj/InfoPlist.strings; sourceTree = "<group>"; };
		417BBF6F1891FB39005192BC /* PhiloCodeTests.m */ = {isa = PBXFileReference; lastKnownFileType = sourcecode.c.objc; path = PhiloCodeTests.m; sourceTree = "<group>"; };
		417BBF791891FE04005192BC /* Turkish_Van_Cat.jpg */ = {isa = PBXFileReference; lastKnownFileType = image.jpeg; path = Turkish_Van_Cat.jpg; sourceTree = "<group>"; };
/* End PBXFileReference section */

/* Begin PBXFrameworksBuildPhase section */
		417BBF3E1891FB39005192BC /* Frameworks */ = {
			isa = PBXFrameworksBuildPhase;
			buildActionMask = 2147483647;
			files = (
				417BBF471891FB39005192BC /* CoreGraphics.framework in Frameworks */,
				417BBF491891FB39005192BC /* UIKit.framework in Frameworks */,
				417BBF451891FB39005192BC /* Foundation.framework in Frameworks */,
			);
			runOnlyForDeploymentPostprocessing = 0;
		};
		417BBF5F1891FB39005192BC /* Frameworks */ = {
			isa = PBXFrameworksBuildPhase;
			buildActionMask = 2147483647;
			files = (
				417BBF641891FB39005192BC /* XCTest.framework in Frameworks */,
				417BBF661891FB39005192BC /* UIKit.framework in Frameworks */,
				417BBF651891FB39005192BC /* Foundation.framework in Frameworks */,
			);
			runOnlyForDeploymentPostprocessing = 0;
		};
/* End PBXFrameworksBuildPhase section */

/* Begin PBXGroup section */
		417BBF381891FB38005192BC = {
			isa = PBXGroup;
			children = (
				417BBF4A1891FB39005192BC /* PhiloCode */,
				417BBF691891FB39005192BC /* PhiloCodeTests */,
				417BBF431891FB39005192BC /* Frameworks */,
				417BBF421891FB39005192BC /* Products */,
			);
			sourceTree = "<group>";
		};
		417BBF421891FB39005192BC /* Products */ = {
			isa = PBXGroup;
			children = (
				417BBF411891FB39005192BC /* PhiloCode.app */,
				417BBF621891FB39005192BC /* PhiloCodeTests.xctest */,
			);
			name = Products;
			sourceTree = "<group>";
		};
		417BBF431891FB39005192BC /* Frameworks */ = {
			isa = PBXGroup;
			children = (
				417BBF441891FB39005192BC /* Foundation.framework */,
				417BBF461891FB39005192BC /* CoreGraphics.framework */,
				417BBF481891FB39005192BC /* UIKit.framework */,
				417BBF631891FB39005192BC /* XCTest.framework */,
			);
			name = Frameworks;
			sourceTree = "<group>";
		};
		417BBF4A1891FB39005192BC /* PhiloCode */ = {
			isa = PBXGroup;
			children = (
				417BBF7B1891FE0C005192BC /* Images */,
				417BBF531891FB39005192BC /* AppDelegate.h */,
				417BBF541891FB39005192BC /* AppDelegate.m */,
				417BBF561891FB39005192BC /* Main.storyboard */,
				417BBF591891FB39005192BC /* ViewController.h */,
				417BBF5A1891FB39005192BC /* ViewController.m */,
				417BBF5C1891FB39005192BC /* Images.xcassets */,
				417BBF4B1891FB39005192BC /* Supporting Files */,
			);
			path = PhiloCode;
			sourceTree = "<group>";
		};
		417BBF4B1891FB39005192BC /* Supporting Files */ = {
			isa = PBXGroup;
			children = (
				417BBF4C1891FB39005192BC /* PhiloCode-Info.plist */,
				417BBF4D1891FB39005192BC /* InfoPlist.strings */,
				417BBF501891FB39005192BC /* main.m */,
				417BBF521891FB39005192BC /* PhiloCode-Prefix.pch */,
			);
			name = "Supporting Files";
			sourceTree = "<group>";
		};
		417BBF691891FB39005192BC /* PhiloCodeTests */ = {
			isa = PBXGroup;
			children = (
				417BBF6F1891FB39005192BC /* PhiloCodeTests.m */,
				417BBF6A1891FB39005192BC /* Supporting Files */,
			);
			path = PhiloCodeTests;
			sourceTree = "<group>";
		};
		417BBF6A1891FB39005192BC /* Supporting Files */ = {
			isa = PBXGroup;
			children = (
				417BBF6B1891FB39005192BC /* PhiloCodeTests-Info.plist */,
				417BBF6C1891FB39005192BC /* InfoPlist.strings */,
			);
			name = "Supporting Files";
			sourceTree = "<group>";
		};
		417BBF7B1891FE0C005192BC /* Images */ = {
			isa = PBXGroup;
			children = (
				417BBF791891FE04005192BC /* Turkish_Van_Cat.jpg */,
			);
			name = Images;
			sourceTree = "<group>";
		};
/* End PBXGroup section */

/* Begin PBXNativeTarget section */
		417BBF401891FB39005192BC /* PhiloCode */ = {
			isa = PBXNativeTarget;
			buildConfigurationList = 417BBF731891FB39005192BC /* Build configuration list for PBXNativeTarget "PhiloCode" */;
			buildPhases = (
				417BBF3D1891FB39005192BC /* Sources */,
				417BBF3E1891FB39005192BC /* Frameworks */,
				417BBF3F1891FB39005192BC /* Resources */,
			);
			buildRules = (
			);
			dependencies = (
			);
			name = PhiloCode;
			productName = PhiloCode;
			productReference = 417BBF411891FB39005192BC /* PhiloCode.app */;
			productType = "com.apple.product-type.application";
		};
		417BBF611891FB39005192BC /* PhiloCodeTests */ = {
			isa = PBXNativeTarget;
			buildConfigurationList = 417BBF761891FB39005192BC /* Build configuration list for PBXNativeTarget "PhiloCodeTests" */;
			buildPhases = (
				417BBF5E1891FB39005192BC /* Sources */,
				417BBF5F1891FB39005192BC /* Frameworks */,
				417BBF601891FB39005192BC /* Resources */,
			);
			buildRules = (
			);
			dependencies = (
				417BBF681891FB39005192BC /* PBXTargetDependency */,
			);
			name = PhiloCodeTests;
			productName = PhiloCodeTests;
			productReference = 417BBF621891FB39005192BC /* PhiloCodeTests.xctest */;
			productType = "com.apple.product-type.bundle.unit-test";
		};
/* End PBXNativeTarget section */

/* Begin PBXProject section */
		417BBF391891FB38005192BC /* Project object */ = {
			isa = PBXProject;
			attributes = {
				LastUpgradeCheck = 0500;
				ORGANIZATIONNAME = "ben shew";
				TargetAttributes = {
					417BBF611891FB39005192BC = {
						TestTargetID = 417BBF401891FB39005192BC;
					};
				};
			};
			buildConfigurationList = 417BBF3C1891FB38005192BC /* Build configuration list for PBXProject "PhiloCode" */;
			compatibilityVersion = "Xcode 3.2";
			developmentRegion = English;
			hasScannedForEncodings = 0;
			knownRegions = (
				en,
				Base,
			);
			mainGroup = 417BBF381891FB38005192BC;
			productRefGroup = 417BBF421891FB39005192BC /* Products */;
			projectDirPath = "";
			projectRoot = "";
			targets = (
				417BBF401891FB39005192BC /* PhiloCode */,
				417BBF611891FB39005192BC /* PhiloCodeTests */,
			);
		};
/* End PBXProject section */

/* Begin PBXResourcesBuildPhase section */
		417BBF3F1891FB39005192BC /* Resources */ = {
			isa = PBXResourcesBuildPhase;
			buildActionMask = 2147483647;
			files = (
				417BBF5D1891FB39005192BC /* Images.xcassets in Resources */,
				417BBF4F1891FB39005192BC /* InfoPlist.strings in Resources */,
				417BBF581891FB39005192BC /* Main.storyboard in Resources */,
				417BBF7A1891FE04005192BC /* Turkish_Van_Cat.jpg in Resources */,
			);
			runOnlyForDeploymentPostprocessing = 0;
		};
		417BBF601891FB39005192BC /* Resources */ = {
			isa = PBXResourcesBuildPhase;
			buildActionMask = 2147483647;
			files = (
				417BBF6E1891FB39005192BC /* InfoPlist.strings in Resources */,
			);
			runOnlyForDeploymentPostprocessing = 0;
		};
/* End PBXResourcesBuildPhase section */

/* Begin PBXSourcesBuildPhase section */
		417BBF3D1891FB39005192BC /* Sources */ = {
			isa = PBXSourcesBuildPhase;
			buildActionMask = 2147483647;
			files = (
				417BBF5B1891FB39005192BC /* ViewController.m in Sources */,
				417BBF551891FB39005192BC /* AppDelegate.m in Sources */,
				417BBF511891FB39005192BC /* main.m in Sources */,
			);
			runOnlyForDeploymentPostprocessing = 0;
		};
		417BBF5E1891FB39005192BC /* Sources */ = {
			isa = PBXSourcesBuildPhase;
			buildActionMask = 2147483647;
			files = (
				417BBF701891FB39005192BC /* PhiloCodeTests.m in Sources */,
			);
			runOnlyForDeploymentPostprocessing = 0;
		};
/* End PBXSourcesBuildPhase section */

/* Begin PBXTargetDependency section */
		417BBF681891FB39005192BC /* PBXTargetDependency */ = {
			isa = PBXTargetDependency;
			target = 417BBF401891FB39005192BC /* PhiloCode */;
			targetProxy = 417BBF671891FB39005192BC /* PBXContainerItemProxy */;
		};
/* End PBXTargetDependency section */

/* Begin PBXVariantGroup section */
		417BBF4D1891FB39005192BC /* InfoPlist.strings */ = {
			isa = PBXVariantGroup;
			children = (
				417BBF4E1891FB39005192BC /* en */,
			);
			name = InfoPlist.strings;
			sourceTree = "<group>";
		};
		417BBF561891FB39005192BC /* Main.storyboard */ = {
			isa = PBXVariantGroup;
			children = (
				417BBF571891FB39005192BC /* Base */,
			);
			name = Main.storyboard;
			sourceTree = "<group>";
		};
		417BBF6C1891FB39005192BC /* InfoPlist.strings */ = {
			isa = PBXVariantGroup;
			children = (
				417BBF6D1891FB39005192BC /* en */,
			);
			name = InfoPlist.strings;
			sourceTree = "<group>";
		};
/* End PBXVariantGroup section */

/* Begin XCBuildConfiguration section */
		417BBF711891FB39005192BC /* Debug */ = {
			isa = XCBuildConfiguration;
			buildSettings = {
				ALWAYS_SEARCH_USER_PATHS = NO;
				ARCHS = "$(ARCHS_STANDARD_INCLUDING_64_BIT)";
				CLANG_CXX_LANGUAGE_STANDARD = "gnu++0x";
				CLANG_CXX_LIBRARY = "libc++";
				CLANG_ENABLE_MODULES = YES;
				CLANG_ENABLE_OBJC_ARC = YES;
				CLANG_WARN_BOOL_CONVERSION = YES;
				CLANG_WARN_CONSTANT_CONVERSION = YES;
				CLANG_WARN_DIRECT_OBJC_ISA_USAGE = YES_ERROR;
				CLANG_WARN_EMPTY_BODY = YES;
				CLANG_WARN_ENUM_CONVERSION = YES;
				CLANG_WARN_INT_CONVERSION = YES;
				CLANG_WARN_OBJC_ROOT_CLASS = YES_ERROR;
				CLANG_WARN__DUPLICATE_METHOD_MATCH = YES;
				"CODE_SIGN_IDENTITY[sdk=iphoneos*]" = "iPhone Developer";
				COPY_PHASE_STRIP = NO;
				GCC_C_LANGUAGE_STANDARD = gnu99;
				GCC_DYNAMIC_NO_PIC = NO;
				GCC_OPTIMIZATION_LEVEL = 0;
				GCC_PREPROCESSOR_DEFINITIONS = (
					"DEBUG=1",
					"$(inherited)",
				);
				GCC_SYMBOLS_PRIVATE_EXTERN = NO;
				GCC_WARN_64_TO_32_BIT_CONVERSION = YES;
				GCC_WARN_ABOUT_RETURN_TYPE = YES_ERROR;
				GCC_WARN_UNDECLARED_SELECTOR = YES;
				GCC_WARN_UNINITIALIZED_AUTOS = YES;
				GCC_WARN_UNUSED_FUNCTION = YES;
				GCC_WARN_UNUSED_VARIABLE = YES;
				IPHONEOS_DEPLOYMENT_TARGET = 7.0;
				ONLY_ACTIVE_ARCH = YES;
				SDKROOT = iphoneos;
			};
			name = Debug;
		};
		417BBF721891FB39005192BC /* Release */ = {
			isa = XCBuildConfiguration;
			buildSettings = {
				ALWAYS_SEARCH_USER_PATHS = NO;
				ARCHS = "$(ARCHS_STANDARD_INCLUDING_64_BIT)";
				CLANG_CXX_LANGUAGE_STANDARD = "gnu++0x";
				CLANG_CXX_LIBRARY = "libc++";
				CLANG_ENABLE_MODULES = YES;
				CLANG_ENABLE_OBJC_ARC = YES;
				CLANG_WARN_BOOL_CONVERSION = YES;
				CLANG_WARN_CONSTANT_CONVERSION = YES;
				CLANG_WARN_DIRECT_OBJC_ISA_USAGE = YES_ERROR;
				CLANG_WARN_EMPTY_BODY = YES;
				CLANG_WARN_ENUM_CONVERSION = YES;
				CLANG_WARN_INT_CONVERSION = YES;
				CLANG_WARN_OBJC_ROOT_CLASS = YES_ERROR;
				CLANG_WARN__DUPLICATE_METHOD_MATCH = YES;
				"CODE_SIGN_IDENTITY[sdk=iphoneos*]" = "iPhone Developer";
				COPY_PHASE_STRIP = YES;
				ENABLE_NS_ASSERTIONS = NO;
				GCC_C_LANGUAGE_STANDARD = gnu99;
				GCC_WARN_64_TO_32_BIT_CONVERSION = YES;
				GCC_WARN_ABOUT_RETURN_TYPE = YES_ERROR;
				GCC_WARN_UNDECLARED_SELECTOR = YES;
				GCC_WARN_UNINITIALIZED_AUTOS = YES;
				GCC_WARN_UNUSED_FUNCTION = YES;
				GCC_WARN_UNUSED_VARIABLE = YES;
				IPHONEOS_DEPLOYMENT_TARGET = 7.0;
				SDKROOT = iphoneos;
				VALIDATE_PRODUCT = YES;
			};
			name = Release;
		};
		417BBF741891FB39005192BC /* Debug */ = {
			isa = XCBuildConfiguration;
			buildSettings = {
				ASSETCATALOG_COMPILER_APPICON_NAME = AppIcon;
				ASSETCATALOG_COMPILER_LAUNCHIMAGE_NAME = LaunchImage;
				GCC_PRECOMPILE_PREFIX_HEADER = YES;
				GCC_PREFIX_HEADER = "PhiloCode/PhiloCode-Prefix.pch";
				INFOPLIST_FILE = "PhiloCode/PhiloCode-Info.plist";
				PRODUCT_NAME = "$(TARGET_NAME)";
				WRAPPER_EXTENSION = app;
			};
			name = Debug;
		};
		417BBF751891FB39005192BC /* Release */ = {
			isa = XCBuildConfiguration;
			buildSettings = {
				ASSETCATALOG_COMPILER_APPICON_NAME = AppIcon;
				ASSETCATALOG_COMPILER_LAUNCHIMAGE_NAME = LaunchImage;
				GCC_PRECOMPILE_PREFIX_HEADER = YES;
				GCC_PREFIX_HEADER = "PhiloCode/PhiloCode-Prefix.pch";
				INFOPLIST_FILE = "PhiloCode/PhiloCode-Info.plist";
				PRODUCT_NAME = "$(TARGET_NAME)";
				WRAPPER_EXTENSION = app;
			};
			name = Release;
		};
		417BBF771891FB39005192BC /* Debug */ = {
			isa = XCBuildConfiguration;
			buildSettings = {
				ARCHS = "$(ARCHS_STANDARD_INCLUDING_64_BIT)";
				BUNDLE_LOADER = "$(BUILT_PRODUCTS_DIR)/PhiloCode.app/PhiloCode";
				FRAMEWORK_SEARCH_PATHS = (
					"$(SDKROOT)/Developer/Library/Frameworks",
					"$(inherited)",
					"$(DEVELOPER_FRAMEWORKS_DIR)",
				);
				GCC_PRECOMPILE_PREFIX_HEADER = YES;
				GCC_PREFIX_HEADER = "PhiloCode/PhiloCode-Prefix.pch";
				GCC_PREPROCESSOR_DEFINITIONS = (
					"DEBUG=1",
					"$(inherited)",
				);
				INFOPLIST_FILE = "PhiloCodeTests/PhiloCodeTests-Info.plist";
				PRODUCT_NAME = "$(TARGET_NAME)";
				TEST_HOST = "$(BUNDLE_LOADER)";
				WRAPPER_EXTENSION = xctest;
			};
			name = Debug;
		};
		417BBF781891FB39005192BC /* Release */ = {
			isa = XCBuildConfiguration;
			buildSettings = {
				ARCHS = "$(ARCHS_STANDARD_INCLUDING_64_BIT)";
				BUNDLE_LOADER = "$(BUILT_PRODUCTS_DIR)/PhiloCode.app/PhiloCode";
				FRAMEWORK_SEARCH_PATHS = (
					"$(SDKROOT)/Developer/Library/Frameworks",
					"$(inherited)",
					"$(DEVELOPER_FRAMEWORKS_DIR)",
				);
				GCC_PRECOMPILE_PREFIX_HEADER = YES;
				GCC_PREFIX_HEADER = "PhiloCode/PhiloCode-Prefix.pch";
				INFOPLIST_FILE = "PhiloCodeTests/PhiloCodeTests-Info.plist";
				PRODUCT_NAME = "$(TARGET_NAME)";
				TEST_HOST = "$(BUNDLE_LOADER)";
				WRAPPER_EXTENSION = xctest;
			};
			name = Release;
		};
/* End XCBuildConfiguration section */

/* Begin XCConfigurationList section */
		417BBF3C1891FB38005192BC /* Build configuration list for PBXProject "PhiloCode" */ = {
			isa = XCConfigurationList;
			buildConfigurations = (
				417BBF711891FB39005192BC /* Debug */,
				417BBF721891FB39005192BC /* Release */,
			);
			defaultConfigurationIsVisible = 0;
			defaultConfigurationName = Release;
		};
		417BBF731891FB39005192BC /* Build configuration list for PBXNativeTarget "PhiloCode" */ = {
			isa = XCConfigurationList;
			buildConfigurations = (
				417BBF741891FB39005192BC /* Debug */,
				417BBF751891FB39005192BC /* Release */,
			);
			defaultConfigurationIsVisible = 0;
		};
		417BBF761891FB39005192BC /* Build configuration list for PBXNativeTarget "PhiloCodeTests" */ = {
			isa = XCConfigurationList;
			buildConfigurations = (
				417BBF771891FB39005192BC /* Debug */,
				417BBF781891FB39005192BC /* Release */,
			);
			defaultConfigurationIsVisible = 0;
		};
/* End XCConfigurationList section */
	};
	rootObject = 417BBF391891FB38005192BC /* Project object */;
}
